
Microsoft Visual Studio Solution File, Format Version 12.00
# Visual Studio Version 16
VisualStudioVersion = 16.0.30804.86
MinimumVisualStudioVersion = 10.0.40219.1
Project("{FAE04EC0-301F-11D3-BF4B-00C04F79EFBC}") = "KronotropOrder", "KronotropOrder\KronotropOrder.csproj", "{4F632C2E-82B0-4E69-8976-7FF5BA3AED3E}"
EndProject
Global
	GlobalSection(SolutionConfigurationPlatforms) = preSolution
		Debug|Any CPU = Debug|Any CPU
		Release|Any CPU = Release|Any CPU
	EndGlobalSection
	GlobalSection(ProjectConfigurationPlatforms) = postSolution
		{4F632C2E-82B0-4E69-8976-7FF5BA3AED3E}.Debug|Any CPU.ActiveCfg = Debug|Any CPU
		{4F632C2E-82B0-4E69-8976-7FF5BA3AED3E}.Debug|Any CPU.Build.0 = Debug|Any CPU
		{4F632C2E-82B0-4E69-8976-7FF5BA3AED3E}.Release|Any CPU.ActiveCfg = Release|Any CPU
		{4F632C2E-82B0-4E69-8976-7FF5BA3AED3E}.Release|Any CPU.Build.0 = Release|Any CPU
	EndGlobalSection
	GlobalSection(SolutionProperties) = preSolution
		HideSolutionNode = FALSE
	EndGlobalSection
	GlobalSection(ExtensibilityGlobals) = postSolution
		SolutionGuid = {6269BD55-C35C-4B2F-8603-A962661892A6}
	EndGlobalSection
EndGlobal
